# This file was autogenerated by uv via the following command:
#    uv pip compile --python-version 3.13 A-gemm-lab-qualification/requirements.in -o A-gemm-lab-qualification/requirements.lock
cuda-bindings==13.2.0
    # via
    #   -r A-gemm-lab-qualification/requirements.in
    #   cuda-python
    #   torch
cuda-pathfinder==1.8.1
    # via
    #   cuda-bindings
    #   cuda-python
cuda-python==13.2.0
    # via -r A-gemm-lab-qualification/requirements.in
cuda-toolkit==13.0.3.0
    # via torch
filelock==3.32.5
    # via torch
fsspec==2026.7.0
    # via torch
iniconfig==2.3.0
    # via pytest
jinja2==3.1.6
    # via torch
markupsafe==3.0.3
    # via jinja2
mpmath==1.3.0
    # via sympy
networkx==3.6.1
    # via torch
numpy==2.5.3
    # via -r A-gemm-lab-qualification/requirements.in
nvidia-cublas==13.1.1.3
    # via
    #   cuda-toolkit
    #   nvidia-cudnn-cu13
    #   nvidia-cusolver
nvidia-cuda-cupti==13.0.85
    # via cuda-toolkit
nvidia-cuda-nvrtc==13.0.88
    # via
    #   cuda-toolkit
    #   nvidia-cublas
nvidia-cuda-runtime==13.0.96
    # via cuda-toolkit
nvidia-cudnn-cu13==9.20.0.48
    # via torch
nvidia-cufft==12.0.0.61
    # via cuda-toolkit
nvidia-cufile==1.15.1.6
    # via cuda-toolkit
nvidia-curand==10.4.0.35
    # via cuda-toolkit
nvidia-cusolver==12.0.4.66
    # via cuda-toolkit
nvidia-cusparse==12.6.3.3
    # via
    #   cuda-toolkit
    #   nvidia-cusolver
nvidia-cusparselt-cu13==0.8.1
    # via torch
nvidia-nccl-cu13==2.29.7
    # via torch
nvidia-nvjitlink==13.3.33
    # via
    #   cuda-toolkit
    #   nvidia-cufft
    #   nvidia-cusolver
    #   nvidia-cusparse
nvidia-nvshmem-cu13==3.4.5
    # via torch
nvidia-nvtx==13.0.85
    # via cuda-toolkit
packaging==26.3
    # via pytest
pluggy==1.6.0
    # via pytest
pygments==2.21.0
    # via pytest
pytest==9.1.1
    # via -r A-gemm-lab-qualification/requirements.in
setuptools==84.0.0
    # via torch
sympy==1.14.0
    # via torch
torch==2.13.0
    # via -r A-gemm-lab-qualification/requirements.in
triton==3.7.1
    # via
    #   -r A-gemm-lab-qualification/requirements.in
    #   torch
typing-extensions==4.16.0
    # via torch
